
Microsoft Visual Studio Solution File, Format Version 12.00
# Visual Studio 14
VisualStudioVersion = 14.0.23107.0
MinimumVisualStudioVersion = 10.0.40219.1
Project("{00D1A9C2-B5F0-4AF3-8072-F6C62B433612}") = "NextFloorDB", "NextFloorDB\NextFloorDB.sqlproj", "{A8E9ABFD-C54D-4344-A616-42B311F53B16}"
EndProject
Project("{FAE04EC0-301F-11D3-BF4B-00C04F79EFBC}") = "NextFloorWebsite", "NextFloorWebsite\NextFloorWebsite.csproj", "{7B48D00B-3C17-4970-A82E-EDC974D2F5E3}"
EndProject
Project("{2150E333-8FDC-42A3-9474-1A3956D46DE8}") = "DB", "DB", "{49564F79-345C-40C2-9042-4326F97EB8A3}"
EndProject
Project("{2150E333-8FDC-42A3-9474-1A3956D46DE8}") = "Core", "Core", "{9AE85584-6534-4903-B475-1958D65C426B}"
EndProject
Project("{2150E333-8FDC-42A3-9474-1A3956D46DE8}") = "Tests", "Tests", "{48A1FF58-9609-4EF4-9C9F-EC6B50DCCB77}"
EndProject
Project("{FAE04EC0-301F-11D3-BF4B-00C04F79EFBC}") = "NextFloorAPI", "NextFloorAPI\NextFloorAPI.csproj", "{A255919E-923E-466C-9F74-AB1290120829}"
EndProject
Project("{FAE04EC0-301F-11D3-BF4B-00C04F79EFBC}") = "NextFloorAPI.Tests", "NextFloorAPI.Tests\NextFloorAPI.Tests.csproj", "{747AF1EF-5E46-4495-B53F-E40C80A0EE22}"
EndProject
Project("{FAE04EC0-301F-11D3-BF4B-00C04F79EFBC}") = "NextFloorApp", "NextFloorApp\NextFloorApp.csproj", "{D1E131C2-7CA0-4749-B746-80847832CECB}"
EndProject
Project("{FAE04EC0-301F-11D3-BF4B-00C04F79EFBC}") = "NextFloorDAL", "NextFloorDAL\NextFloorDAL.csproj", "{34D8E1B8-1464-4F00-99F9-33D3E228738C}"
EndProject
Global
	GlobalSection(SolutionConfigurationPlatforms) = preSolution
		Debug|Any CPU = Debug|Any CPU
		Debug|ARM = Debug|ARM
		Debug|x64 = Debug|x64
		Debug|x86 = Debug|x86
		Release|Any CPU = Release|Any CPU
		Release|ARM = Release|ARM
		Release|x64 = Release|x64
		Release|x86 = Release|x86
	EndGlobalSection
	GlobalSection(ProjectConfigurationPlatforms) = postSolution
		{A8E9ABFD-C54D-4344-A616-42B311F53B16}.Debug|Any CPU.ActiveCfg = Debug|Any CPU
		{A8E9ABFD-C54D-4344-A616-42B311F53B16}.Debug|Any CPU.Build.0 = Debug|Any CPU
		{A8E9ABFD-C54D-4344-A616-42B311F53B16}.Debug|Any CPU.Deploy.0 = Debug|Any CPU
		{A8E9ABFD-C54D-4344-A616-42B311F53B16}.Debug|ARM.ActiveCfg = Debug|Any CPU
		{A8E9ABFD-C54D-4344-A616-42B311F53B16}.Debug|ARM.Build.0 = Debug|Any CPU
		{A8E9ABFD-C54D-4344-A616-42B311F53B16}.Debug|ARM.Deploy.0 = Debug|Any CPU
		{A8E9ABFD-C54D-4344-A616-42B311F53B16}.Debug|x64.ActiveCfg = Debug|Any CPU
		{A8E9ABFD-C54D-4344-A616-42B311F53B16}.Debug|x64.Build.0 = Debug|Any CPU
		{A8E9ABFD-C54D-4344-A616-42B311F53B16}.Debug|x64.Deploy.0 = Debug|Any CPU
		{A8E9ABFD-C54D-4344-A616-42B311F53B16}.Debug|x86.ActiveCfg = Debug|Any CPU
		{A8E9ABFD-C54D-4344-A616-42B311F53B16}.Debug|x86.Build.0 = Debug|Any CPU
		{A8E9ABFD-C54D-4344-A616-42B311F53B16}.Debug|x86.Deploy.0 = Debug|Any CPU
		{A8E9ABFD-C54D-4344-A616-42B311F53B16}.Release|Any CPU.ActiveCfg = Release|Any CPU
		{A8E9ABFD-C54D-4344-A616-42B311F53B16}.Release|Any CPU.Build.0 = Release|Any CPU
		{A8E9ABFD-C54D-4344-A616-42B311F53B16}.Release|Any CPU.Deploy.0 = Release|Any CPU
		{A8E9ABFD-C54D-4344-A616-42B311F53B16}.Release|ARM.ActiveCfg = Release|Any CPU
		{A8E9ABFD-C54D-4344-A616-42B311F53B16}.Release|ARM.Build.0 = Release|Any CPU
		{A8E9ABFD-C54D-4344-A616-42B311F53B16}.Release|ARM.Deploy.0 = Release|Any CPU
		{A8E9ABFD-C54D-4344-A616-42B311F53B16}.Release|x64.ActiveCfg = Release|Any CPU
		{A8E9ABFD-C54D-4344-A616-42B311F53B16}.Release|x64.Build.0 = Release|Any CPU
		{A8E9ABFD-C54D-4344-A616-42B311F53B16}.Release|x64.Deploy.0 = Release|Any CPU
		{A8E9ABFD-C54D-4344-A616-42B311F53B16}.Release|x86.ActiveCfg = Release|Any CPU
		{A8E9ABFD-C54D-4344-A616-42B311F53B16}.Release|x86.Build.0 = Release|Any CPU
		{A8E9ABFD-C54D-4344-A616-42B311F53B16}.Release|x86.Deploy.0 = Release|Any CPU
		{7B48D00B-3C17-4970-A82E-EDC974D2F5E3}.Debug|Any CPU.ActiveCfg = Debug|Any CPU
		{7B48D00B-3C17-4970-A82E-EDC974D2F5E3}.Debug|Any CPU.Build.0 = Debug|Any CPU
		{7B48D00B-3C17-4970-A82E-EDC974D2F5E3}.Debug|ARM.ActiveCfg = Debug|Any CPU
		{7B48D00B-3C17-4970-A82E-EDC974D2F5E3}.Debug|ARM.Build.0 = Debug|Any CPU
		{7B48D00B-3C17-4970-A82E-EDC974D2F5E3}.Debug|x64.ActiveCfg = Debug|Any CPU
		{7B48D00B-3C17-4970-A82E-EDC974D2F5E3}.Debug|x64.Build.0 = Debug|Any CPU
		{7B48D00B-3C17-4970-A82E-EDC974D2F5E3}.Debug|x86.ActiveCfg = Debug|Any CPU
		{7B48D00B-3C17-4970-A82E-EDC974D2F5E3}.Debug|x86.Build.0 = Debug|Any CPU
		{7B48D00B-3C17-4970-A82E-EDC974D2F5E3}.Release|Any CPU.ActiveCfg = Release|Any CPU
		{7B48D00B-3C17-4970-A82E-EDC974D2F5E3}.Release|Any CPU.Build.0 = Release|Any CPU
		{7B48D00B-3C17-4970-A82E-EDC974D2F5E3}.Release|ARM.ActiveCfg = Release|Any CPU
		{7B48D00B-3C17-4970-A82E-EDC974D2F5E3}.Release|ARM.Build.0 = Release|Any CPU
		{7B48D00B-3C17-4970-A82E-EDC974D2F5E3}.Release|x64.ActiveCfg = Release|Any CPU
		{7B48D00B-3C17-4970-A82E-EDC974D2F5E3}.Release|x64.Build.0 = Release|Any CPU
		{7B48D00B-3C17-4970-A82E-EDC974D2F5E3}.Release|x86.ActiveCfg = Release|Any CPU
		{7B48D00B-3C17-4970-A82E-EDC974D2F5E3}.Release|x86.Build.0 = Release|Any CPU
		{A255919E-923E-466C-9F74-AB1290120829}.Debug|Any CPU.ActiveCfg = Debug|Any CPU
		{A255919E-923E-466C-9F74-AB1290120829}.Debug|Any CPU.Build.0 = Debug|Any CPU
		{A255919E-923E-466C-9F74-AB1290120829}.Debug|ARM.ActiveCfg = Debug|Any CPU
		{A255919E-923E-466C-9F74-AB1290120829}.Debug|ARM.Build.0 = Debug|Any CPU
		{A255919E-923E-466C-9F74-AB1290120829}.Debug|x64.ActiveCfg = Debug|Any CPU
		{A255919E-923E-466C-9F74-AB1290120829}.Debug|x64.Build.0 = Debug|Any CPU
		{A255919E-923E-466C-9F74-AB1290120829}.Debug|x86.ActiveCfg = Debug|Any CPU
		{A255919E-923E-466C-9F74-AB1290120829}.Debug|x86.Build.0 = Debug|Any CPU
		{A255919E-923E-466C-9F74-AB1290120829}.Release|Any CPU.ActiveCfg = Release|Any CPU
		{A255919E-923E-466C-9F74-AB1290120829}.Release|Any CPU.Build.0 = Release|Any CPU
		{A255919E-923E-466C-9F74-AB1290120829}.Release|ARM.ActiveCfg = Release|Any CPU
		{A255919E-923E-466C-9F74-AB1290120829}.Release|ARM.Build.0 = Release|Any CPU
		{A255919E-923E-466C-9F74-AB1290120829}.Release|x64.ActiveCfg = Release|Any CPU
		{A255919E-923E-466C-9F74-AB1290120829}.Release|x64.Build.0 = Release|Any CPU
		{A255919E-923E-466C-9F74-AB1290120829}.Release|x86.ActiveCfg = Release|Any CPU
		{A255919E-923E-466C-9F74-AB1290120829}.Release|x86.Build.0 = Release|Any CPU
		{747AF1EF-5E46-4495-B53F-E40C80A0EE22}.Debug|Any CPU.ActiveCfg = Debug|Any CPU
		{747AF1EF-5E46-4495-B53F-E40C80A0EE22}.Debug|Any CPU.Build.0 = Debug|Any CPU
		{747AF1EF-5E46-4495-B53F-E40C80A0EE22}.Debug|ARM.ActiveCfg = Debug|Any CPU
		{747AF1EF-5E46-4495-B53F-E40C80A0EE22}.Debug|ARM.Build.0 = Debug|Any CPU
		{747AF1EF-5E46-4495-B53F-E40C80A0EE22}.Debug|x64.ActiveCfg = Debug|Any CPU
		{747AF1EF-5E46-4495-B53F-E40C80A0EE22}.Debug|x64.Build.0 = Debug|Any CPU
		{747AF1EF-5E46-4495-B53F-E40C80A0EE22}.Debug|x86.ActiveCfg = Debug|Any CPU
		{747AF1EF-5E46-4495-B53F-E40C80A0EE22}.Debug|x86.Build.0 = Debug|Any CPU
		{747AF1EF-5E46-4495-B53F-E40C80A0EE22}.Release|Any CPU.ActiveCfg = Release|Any CPU
		{747AF1EF-5E46-4495-B53F-E40C80A0EE22}.Release|Any CPU.Build.0 = Release|Any CPU
		{747AF1EF-5E46-4495-B53F-E40C80A0EE22}.Release|ARM.ActiveCfg = Release|Any CPU
		{747AF1EF-5E46-4495-B53F-E40C80A0EE22}.Release|ARM.Build.0 = Release|Any CPU
		{747AF1EF-5E46-4495-B53F-E40C80A0EE22}.Release|x64.ActiveCfg = Release|Any CPU
		{747AF1EF-5E46-4495-B53F-E40C80A0EE22}.Release|x64.Build.0 = Release|Any CPU
		{747AF1EF-5E46-4495-B53F-E40C80A0EE22}.Release|x86.ActiveCfg = Release|Any CPU
		{747AF1EF-5E46-4495-B53F-E40C80A0EE22}.Release|x86.Build.0 = Release|Any CPU
		{D1E131C2-7CA0-4749-B746-80847832CECB}.Debug|Any CPU.ActiveCfg = Debug|Any CPU
		{D1E131C2-7CA0-4749-B746-80847832CECB}.Debug|Any CPU.Build.0 = Debug|Any CPU
		{D1E131C2-7CA0-4749-B746-80847832CECB}.Debug|ARM.ActiveCfg = Debug|Any CPU
		{D1E131C2-7CA0-4749-B746-80847832CECB}.Debug|ARM.Build.0 = Debug|Any CPU
		{D1E131C2-7CA0-4749-B746-80847832CECB}.Debug|x64.ActiveCfg = Debug|Any CPU
		{D1E131C2-7CA0-4749-B746-80847832CECB}.Debug|x64.Build.0 = Debug|Any CPU
		{D1E131C2-7CA0-4749-B746-80847832CECB}.Debug|x86.ActiveCfg = Debug|Any CPU
		{D1E131C2-7CA0-4749-B746-80847832CECB}.Debug|x86.Build.0 = Debug|Any CPU
		{D1E131C2-7CA0-4749-B746-80847832CECB}.Release|Any CPU.ActiveCfg = Release|Any CPU
		{D1E131C2-7CA0-4749-B746-80847832CECB}.Release|Any CPU.Build.0 = Release|Any CPU
		{D1E131C2-7CA0-4749-B746-80847832CECB}.Release|ARM.ActiveCfg = Release|Any CPU
		{D1E131C2-7CA0-4749-B746-80847832CECB}.Release|ARM.Build.0 = Release|Any CPU
		{D1E131C2-7CA0-4749-B746-80847832CECB}.Release|x64.ActiveCfg = Release|Any CPU
		{D1E131C2-7CA0-4749-B746-80847832CECB}.Release|x64.Build.0 = Release|Any CPU
		{D1E131C2-7CA0-4749-B746-80847832CECB}.Release|x86.ActiveCfg = Release|Any CPU
		{D1E131C2-7CA0-4749-B746-80847832CECB}.Release|x86.Build.0 = Release|Any CPU
		{34D8E1B8-1464-4F00-99F9-33D3E228738C}.Debug|Any CPU.ActiveCfg = Debug|Any CPU
		{34D8E1B8-1464-4F00-99F9-33D3E228738C}.Debug|Any CPU.Build.0 = Debug|Any CPU
		{34D8E1B8-1464-4F00-99F9-33D3E228738C}.Debug|ARM.ActiveCfg = Debug|Any CPU
		{34D8E1B8-1464-4F00-99F9-33D3E228738C}.Debug|ARM.Build.0 = Debug|Any CPU
		{34D8E1B8-1464-4F00-99F9-33D3E228738C}.Debug|x64.ActiveCfg = Debug|Any CPU
		{34D8E1B8-1464-4F00-99F9-33D3E228738C}.Debug|x64.Build.0 = Debug|Any CPU
		{34D8E1B8-1464-4F00-99F9-33D3E228738C}.Debug|x86.ActiveCfg = Debug|Any CPU
		{34D8E1B8-1464-4F00-99F9-33D3E228738C}.Debug|x86.Build.0 = Debug|Any CPU
		{34D8E1B8-1464-4F00-99F9-33D3E228738C}.Release|Any CPU.ActiveCfg = Release|Any CPU
		{34D8E1B8-1464-4F00-99F9-33D3E228738C}.Release|Any CPU.Build.0 = Release|Any CPU
		{34D8E1B8-1464-4F00-99F9-33D3E228738C}.Release|ARM.ActiveCfg = Release|Any CPU
		{34D8E1B8-1464-4F00-99F9-33D3E228738C}.Release|ARM.Build.0 = Release|Any CPU
		{34D8E1B8-1464-4F00-99F9-33D3E228738C}.Release|x64.ActiveCfg = Release|Any CPU
		{34D8E1B8-1464-4F00-99F9-33D3E228738C}.Release|x64.Build.0 = Release|Any CPU
		{34D8E1B8-1464-4F00-99F9-33D3E228738C}.Release|x86.ActiveCfg = Release|Any CPU
		{34D8E1B8-1464-4F00-99F9-33D3E228738C}.Release|x86.Build.0 = Release|Any CPU
	EndGlobalSection
	GlobalSection(SolutionProperties) = preSolution
		HideSolutionNode = FALSE
	EndGlobalSection
	GlobalSection(NestedProjects) = preSolution
		{A8E9ABFD-C54D-4344-A616-42B311F53B16} = {49564F79-345C-40C2-9042-4326F97EB8A3}
		{48A1FF58-9609-4EF4-9C9F-EC6B50DCCB77} = {9AE85584-6534-4903-B475-1958D65C426B}
		{A255919E-923E-466C-9F74-AB1290120829} = {9AE85584-6534-4903-B475-1958D65C426B}
		{747AF1EF-5E46-4495-B53F-E40C80A0EE22} = {48A1FF58-9609-4EF4-9C9F-EC6B50DCCB77}
		{34D8E1B8-1464-4F00-99F9-33D3E228738C} = {9AE85584-6534-4903-B475-1958D65C426B}
	EndGlobalSection
EndGlobal
